// !$*UTF8*$!
{
	archiveVersion = 1;
	classes = {
	};
	objectVersion = 46;
	objects = {

/* Begin PBXBuildFile section */
		5CBFCF4E1CF072A5008235DF /* main.m in Sources */ = {isa = PBXBuildFile; fileRef = 5CBFCF4D1CF072A5008235DF /* main.m */; };
		5CBFCF511CF072A5008235DF /* AppDelegate.m in Sources */ = {isa = PBXBuildFile; fileRef = 5CBFCF501CF072A5008235DF /* AppDelegate.m */; };
		5CBFCF541CF072A5008235DF /* ViewController.m in Sources */ = {isa = PBXBuildFile; fileRef = 5CBFCF531CF072A5008235DF /* ViewController.m */; };
		5CBFCF571CF072A5008235DF /* Main.storyboard in Resources */ = {isa = PBXBuildFile; fileRef = 5CBFCF551CF072A5008235DF /* Main.storyboard */; };
		5CBFCF591CF072A5008235DF /* Assets.xcassets in Resources */ = {isa = PBXBuildFile; fileRef = 5CBFCF581CF072A5008235DF /* Assets.xcassets */; };
		5CBFCF5C1CF072A5008235DF /* LaunchScreen.storyboard in Resources */ = {isa = PBXBuildFile; fileRef = 5CBFCF5A1CF072A5008235DF /* LaunchScreen.storyboard */; };
		FA1BB2DB5180E0E13C698BEB /* libPods-FlickrApp.a in Frameworks */ = {isa = PBXBuildFile; fileRef = EE393D61507BD33401984EA2 /* libPods-FlickrApp.a */; };
/* End PBXBuildFile section */

/* Begin PBXFileReference section */
		5CBFCF491CF072A5008235DF /* FlickrApp.app */ = {isa = PBXFileReference; explicitFileType = wrapper.application; includeInIndex = 0; path = FlickrApp.app; sourceTree = BUILT_PRODUCTS_DIR; };
		5CBFCF4D1CF072A5008235DF /* main.m */ = {isa = PBXFileReference; lastKnownFileType = sourcecode.c.objc; path = main.m; sourceTree = "<group>"; };
		5CBFCF4F1CF072A5008235DF /* AppDelegate.h */ = {isa = PBXFileReference; lastKnownFileType = sourcecode.c.h; path = AppDelegate.h; sourceTree = "<group>"; };
		5CBFCF501CF072A5008235DF /* AppDelegate.m */ = {isa = PBXFileReference; lastKnownFileType = sourcecode.c.objc; path = AppDelegate.m; sourceTree = "<group>"; };
		5CBFCF521CF072A5008235DF /* ViewController.h */ = {isa = PBXFileReference; lastKnownFileType = sourcecode.c.h; path = ViewController.h; sourceTree = "<group>"; };
		5CBFCF531CF072A5008235DF /* ViewController.m */ = {isa = PBXFileReference; lastKnownFileType = sourcecode.c.objc; path = ViewController.m; sourceTree = "<group>"; };
		5CBFCF561CF072A5008235DF /* Base */ = {isa = PBXFileReference; lastKnownFileType = file.storyboard; name = Base; path = Base.lproj/Main.storyboard; sourceTree = "<group>"; };
		5CBFCF581CF072A5008235DF /* Assets.xcassets */ = {isa = PBXFileReference; lastKnownFileType = folder.assetcatalog; path = Assets.xcassets; sourceTree = "<group>"; };
		5CBFCF5B1CF072A5008235DF /* Base */ = {isa = PBXFileReference; lastKnownFileType = file.storyboard; name = Base; path = Base.lproj/LaunchScreen.storyboard; sourceTree = "<group>"; };
		5CBFCF5D1CF072A5008235DF /* Info.plist */ = {isa = PBXFileReference; lastKnownFileType = text.plist.xml; path = Info.plist; sourceTree = "<group>"; };
		A38E3B5DC5F5925D0690CDE9 /* Pods-FlickrApp.debug.xcconfig */ = {isa = PBXFileReference; includeInIndex = 1; lastKnownFileType = text.xcconfig; name = "Pods-FlickrApp.debug.xcconfig"; path = "Pods/Target Support Files/Pods-FlickrApp/Pods-FlickrApp.debug.xcconfig"; sourceTree = "<group>"; };
		C66C57E1E5F4828E55ECA01B /* Pods-FlickrApp.release.xcconfig */ = {isa = PBXFileReference; includeInIndex = 1; lastKnownFileType = text.xcconfig; name = "Pods-FlickrApp.release.xcconfig"; path = "Pods/Target Support Files/Pods-FlickrApp/Pods-FlickrApp.release.xcconfig"; sourceTree = "<group>"; };
		EE393D61507BD33401984EA2 /* libPods-FlickrApp.a */ = {isa = PBXFileReference; explicitFileType = archive.ar; includeInIndex = 0; path = "libPods-FlickrApp.a"; sourceTree = BUILT_PRODUCTS_DIR; };
/* End PBXFileReference section */

/* Begin PBXFrameworksBuildPhase section */
		5CBFCF461CF072A5008235DF /* Frameworks */ = {
			isa = PBXFrameworksBuildPhase;
			buildActionMask = 2147483647;
			files = (
				FA1BB2DB5180E0E13C698BEB /* libPods-FlickrApp.a in Frameworks */,
			);
			runOnlyForDeploymentPostprocessing = 0;
		};
/* End PBXFrameworksBuildPhase section */

/* Begin PBXGroup section */
		160E3B31970ECB4C3081D127 /* Pods */ = {
			isa = PBXGroup;
			children = (
				A38E3B5DC5F5925D0690CDE9 /* Pods-FlickrApp.debug.xcconfig */,
				C66C57E1E5F4828E55ECA01B /* Pods-FlickrApp.release.xcconfig */,
			);
			name = Pods;
			sourceTree = "<group>";
		};
		245A2111D86AA2491B566213 /* Frameworks */ = {
			isa = PBXGroup;
			children = (
				EE393D61507BD33401984EA2 /* libPods-FlickrApp.a */,
			);
			name = Frameworks;
			sourceTree = "<group>";
		};
		5CBFCF401CF072A5008235DF = {
			isa = PBXGroup;
			children = (
				5CBFCF4B1CF072A5008235DF /* FlickrApp */,
				5CBFCF4A1CF072A5008235DF /* Products */,
				160E3B31970ECB4C3081D127 /* Pods */,
				245A2111D86AA2491B566213 /* Frameworks */,
			);
			sourceTree = "<group>";
		};
		5CBFCF4A1CF072A5008235DF /* Products */ = {
			isa = PBXGroup;
			children = (
				5CBFCF491CF072A5008235DF /* FlickrApp.app */,
			);
			name = Products;
			sourceTree = "<group>";
		};
		5CBFCF4B1CF072A5008235DF /* FlickrApp */ = {
			isa = PBXGroup;
			children = (
				5CBFCF4F1CF072A5008235DF /* AppDelegate.h */,
				5CBFCF501CF072A5008235DF /* AppDelegate.m */,
				5CBFCF521CF072A5008235DF /* ViewController.h */,
				5CBFCF531CF072A5008235DF /* ViewController.m */,
				5CBFCF551CF072A5008235DF /* Main.storyboard */,
				5CBFCF581CF072A5008235DF /* Assets.xcassets */,
				5CBFCF5A1CF072A5008235DF /* LaunchScreen.storyboard */,
				5CBFCF5D1CF072A5008235DF /* Info.plist */,
				5CBFCF4C1CF072A5008235DF /* Supporting Files */,
			);
			path = FlickrApp;
			sourceTree = "<group>";
		};
		5CBFCF4C1CF072A5008235DF /* Supporting Files */ = {
			isa = PBXGroup;
			children = (
				5CBFCF4D1CF072A5008235DF /* main.m */,
			);
			name = "Supporting Files";
			sourceTree = "<group>";
		};
/* End PBXGroup section */

/* Begin PBXNativeTarget section */
		5CBFCF481CF072A5008235DF /* FlickrApp */ = {
			isa = PBXNativeTarget;
			buildConfigurationList = 5CBFCF601CF072A5008235DF /* Build configuration list for PBXNativeTarget "FlickrApp" */;
			buildPhases = (
				718327BCC8FE7AB929EA4D31 /* 📦 Check Pods Manifest.lock */,
				5CBFCF451CF072A5008235DF /* Sources */,
				5CBFCF461CF072A5008235DF /* Frameworks */,
				5CBFCF471CF072A5008235DF /* Resources */,
				311907B92690597A33F3A69C /* 📦 Embed Pods Frameworks */,
				0C8175435846A19FEFC09ED5 /* 📦 Copy Pods Resources */,
			);
			buildRules = (
			);
			dependencies = (
			);
			name = FlickrApp;
			productName = FlickrApp;
			productReference = 5CBFCF491CF072A5008235DF /* FlickrApp.app */;
			productType = "com.apple.product-type.application";
		};
/* End PBXNativeTarget section */

/* Begin PBXProject section */
		5CBFCF411CF072A5008235DF /* Project object */ = {
			isa = PBXProject;
			attributes = {
				LastUpgradeCheck = 0730;
				ORGANIZATIONNAME = "Oriol Pons";
				TargetAttributes = {
					5CBFCF481CF072A5008235DF = {
						CreatedOnToolsVersion = 7.3;
					};
				};
			};
			buildConfigurationList = 5CBFCF441CF072A5008235DF /* Build configuration list for PBXProject "FlickrApp" */;
			compatibilityVersion = "Xcode 3.2";
			developmentRegion = English;
			hasScannedForEncodings = 0;
			knownRegions = (
				en,
				Base,
			);
			mainGroup = 5CBFCF401CF072A5008235DF;
			productRefGroup = 5CBFCF4A1CF072A5008235DF /* Products */;
			projectDirPath = "";
			projectRoot = "";
			targets = (
				5CBFCF481CF072A5008235DF /* FlickrApp */,
			);
		};
/* End PBXProject section */

/* Begin PBXResourcesBuildPhase section */
		5CBFCF471CF072A5008235DF /* Resources */ = {
			isa = PBXResourcesBuildPhase;
			buildActionMask = 2147483647;
			files = (
				5CBFCF5C1CF072A5008235DF /* LaunchScreen.storyboard in Resources */,
				5CBFCF591CF072A5008235DF /* Assets.xcassets in Resources */,
				5CBFCF571CF072A5008235DF /* Main.storyboard in Resources */,
			);
			runOnlyForDeploymentPostprocessing = 0;
		};
/* End PBXResourcesBuildPhase section */

/* Begin PBXShellScriptBuildPhase section */
		0C8175435846A19FEFC09ED5 /* 📦 Copy Pods Resources */ = {
			isa = PBXShellScriptBuildPhase;
			buildActionMask = 2147483647;
			files = (
			);
			inputPaths = (
			);
			name = "📦 Copy Pods Resources";
			outputPaths = (
			);
			runOnlyForDeploymentPostprocessing = 0;
			shellPath = /bin/sh;
			shellScript = "\"${SRCROOT}/Pods/Target Support Files/Pods-FlickrApp/Pods-FlickrApp-resources.sh\"\n";
			showEnvVarsInLog = 0;
		};
		311907B92690597A33F3A69C /* 📦 Embed Pods Frameworks */ = {
			isa = PBXShellScriptBuildPhase;
			buildActionMask = 2147483647;
			files = (
			);
			inputPaths = (
			);
			name = "📦 Embed Pods Frameworks";
			outputPaths = (
			);
			runOnlyForDeploymentPostprocessing = 0;
			shellPath = /bin/sh;
			shellScript = "\"${SRCROOT}/Pods/Target Support Files/Pods-FlickrApp/Pods-FlickrApp-frameworks.sh\"\n";
			showEnvVarsInLog = 0;
		};
		718327BCC8FE7AB929EA4D31 /* 📦 Check Pods Manifest.lock */ = {
			isa = PBXShellScriptBuildPhase;
			buildActionMask = 2147483647;
			files = (
			);
			inputPaths = (
			);
			name = "📦 Check Pods Manifest.lock";
			outputPaths = (
			);
			runOnlyForDeploymentPostprocessing = 0;
			shellPath = /bin/sh;
			shellScript = "diff \"${PODS_ROOT}/../Podfile.lock\" \"${PODS_ROOT}/Manifest.lock\" > /dev/null\nif [[ $? != 0 ]] ; then\n    cat << EOM\nerror: The sandbox is not in sync with the Podfile.lock. Run 'pod install' or update your CocoaPods installation.\nEOM\n    exit 1\nfi\n";
			showEnvVarsInLog = 0;
		};
/* End PBXShellScriptBuildPhase section */

/* Begin PBXSourcesBuildPhase section */
		5CBFCF451CF072A5008235DF /* Sources */ = {
			isa = PBXSourcesBuildPhase;
			buildActionMask = 2147483647;
			files = (
				5CBFCF541CF072A5008235DF /* ViewController.m in Sources */,
				5CBFCF511CF072A5008235DF /* AppDelegate.m in Sources */,
				5CBFCF4E1CF072A5008235DF /* main.m in Sources */,
			);
			runOnlyForDeploymentPostprocessing = 0;
		};
/* End PBXSourcesBuildPhase section */

/* Begin PBXVariantGroup section */
		5CBFCF551CF072A5008235DF /* Main.storyboard */ = {
			isa = PBXVariantGroup;
			children = (
				5CBFCF561CF072A5008235DF /* Base */,
			);
			name = Main.storyboard;
			sourceTree = "<group>";
		};
		5CBFCF5A1CF072A5008235DF /* LaunchScreen.storyboard */ = {
			isa = PBXVariantGroup;
			children = (
				5CBFCF5B1CF072A5008235DF /* Base */,
			);
			name = LaunchScreen.storyboard;
			sourceTree = "<group>";
		};
/* End PBXVariantGroup section */

/* Begin XCBuildConfiguration section */
		5CBFCF5E1CF072A5008235DF /* Debug */ = {
			isa = XCBuildConfiguration;
			buildSettings = {
				ALWAYS_SEARCH_USER_PATHS = NO;
				CLANG_ANALYZER_NONNULL = YES;
				CLANG_CXX_LANGUAGE_STANDARD = "gnu++0x";
				CLANG_CXX_LIBRARY = "libc++";
				CLANG_ENABLE_MODULES = YES;
				CLANG_ENABLE_OBJC_ARC = YES;
				CLANG_WARN_BOOL_CONVERSION = YES;
				CLANG_WARN_CONSTANT_CONVERSION = YES;
				CLANG_WARN_DIRECT_OBJC_ISA_USAGE = YES_ERROR;
				CLANG_WARN_EMPTY_BODY = YES;
				CLANG_WARN_ENUM_CONVERSION = YES;
				CLANG_WARN_INT_CONVERSION = YES;
				CLANG_WARN_OBJC_ROOT_CLASS = YES_ERROR;
				CLANG_WARN_UNREACHABLE_CODE = YES;
				CLANG_WARN__DUPLICATE_METHOD_MATCH = YES;
				"CODE_SIGN_IDENTITY[sdk=iphoneos*]" = "iPhone Developer";
				COPY_PHASE_STRIP = NO;
				DEBUG_INFORMATION_FORMAT = dwarf;
				ENABLE_STRICT_OBJC_MSGSEND = YES;
				ENABLE_TESTABILITY = YES;
				GCC_C_LANGUAGE_STANDARD = gnu99;
				GCC_DYNAMIC_NO_PIC = NO;
				GCC_NO_COMMON_BLOCKS = YES;
				GCC_OPTIMIZATION_LEVEL = 0;
				GCC_PREPROCESSOR_DEFINITIONS = (
					"DEBUG=1",
					"$(inherited)",
				);
				GCC_WARN_64_TO_32_BIT_CONVERSION = YES;
				GCC_WARN_ABOUT_RETURN_TYPE = YES_ERROR;
				GCC_WARN_UNDECLARED_SELECTOR = YES;
				GCC_WARN_UNINITIALIZED_AUTOS = YES_AGGRESSIVE;
				GCC_WARN_UNUSED_FUNCTION = YES;
				GCC_WARN_UNUSED_VARIABLE = YES;
				IPHONEOS_DEPLOYMENT_TARGET = 9.3;
				MTL_ENABLE_DEBUG_INFO = YES;
				ONLY_ACTIVE_ARCH = YES;
				SDKROOT = iphoneos;
			};
			name = Debug;
		};
		5CBFCF5F1CF072A5008235DF /* Release */ = {
			isa = XCBuildConfiguration;
			buildSettings = {
				ALWAYS_SEARCH_USER_PATHS = NO;
				CLANG_ANALYZER_NONNULL = YES;
				CLANG_CXX_LANGUAGE_STANDARD = "gnu++0x";
				CLANG_CXX_LIBRARY = "libc++";
				CLANG_ENABLE_MODULES = YES;
				CLANG_ENABLE_OBJC_ARC = YES;
				CLANG_WARN_BOOL_CONVERSION = YES;
				CLANG_WARN_CONSTANT_CONVERSION = YES;
				CLANG_WARN_DIRECT_OBJC_ISA_USAGE = YES_ERROR;
				CLANG_WARN_EMPTY_BODY = YES;
				CLANG_WARN_ENUM_CONVERSION = YES;
				CLANG_WARN_INT_CONVERSION = YES;
				CLANG_WARN_OBJC_ROOT_CLASS = YES_ERROR;
				CLANG_WARN_UNREACHABLE_CODE = YES;
				CLANG_WARN__DUPLICATE_METHOD_MATCH = YES;
				"CODE_SIGN_IDENTITY[sdk=iphoneos*]" = "iPhone Developer";
				COPY_PHASE_STRIP = NO;
				DEBUG_INFORMATION_FORMAT = "dwarf-with-dsym";
				ENABLE_NS_ASSERTIONS = NO;
				ENABLE_STRICT_OBJC_MSGSEND = YES;
				GCC_C_LANGUAGE_STANDARD = gnu99;
				GCC_NO_COMMON_BLOCKS = YES;
				GCC_WARN_64_TO_32_BIT_CONVERSION = YES;
				GCC_WARN_ABOUT_RETURN_TYPE = YES_ERROR;
				GCC_WARN_UNDECLARED_SELECTOR = YES;
				GCC_WARN_UNINITIALIZED_AUTOS = YES_AGGRESSIVE;
				GCC_WARN_UNUSED_FUNCTION = YES;
				GCC_WARN_UNUSED_VARIABLE = YES;
				IPHONEOS_DEPLOYMENT_TARGET = 9.3;
				MTL_ENABLE_DEBUG_INFO = NO;
				SDKROOT = iphoneos;
				VALIDATE_PRODUCT = YES;
			};
			name = Release;
		};
		5CBFCF611CF072A5008235DF /* Debug */ = {
			isa = XCBuildConfiguration;
			baseConfigurationReference = A38E3B5DC5F5925D0690CDE9 /* Pods-FlickrApp.debug.xcconfig */;
			buildSettings = {
				ASSETCATALOG_COMPILER_APPICON_NAME = AppIcon;
				INFOPLIST_FILE = FlickrApp/Info.plist;
				LD_RUNPATH_SEARCH_PATHS = "$(inherited) @executable_path/Frameworks";
				PRODUCT_BUNDLE_IDENTIFIER = com.philips.flickrapp.FlickrApp;
				PRODUCT_NAME = "$(TARGET_NAME)";
			};
			name = Debug;
		};
		5CBFCF621CF072A5008235DF /* Release */ = {
			isa = XCBuildConfiguration;
			baseConfigurationReference = C66C57E1E5F4828E55ECA01B /* Pods-FlickrApp.release.xcconfig */;
			buildSettings = {
				ASSETCATALOG_COMPILER_APPICON_NAME = AppIcon;
				INFOPLIST_FILE = FlickrApp/Info.plist;
				LD_RUNPATH_SEARCH_PATHS = "$(inherited) @executable_path/Frameworks";
				PRODUCT_BUNDLE_IDENTIFIER = com.philips.flickrapp.FlickrApp;
				PRODUCT_NAME = "$(TARGET_NAME)";
			};
			name = Release;
		};
/* End XCBuildConfiguration section */

/* Begin XCConfigurationList section */
		5CBFCF441CF072A5008235DF /* Build configuration list for PBXProject "FlickrApp" */ = {
			isa = XCConfigurationList;
			buildConfigurations = (
				5CBFCF5E1CF072A5008235DF /* Debug */,
				5CBFCF5F1CF072A5008235DF /* Release */,
			);
			defaultConfigurationIsVisible = 0;
			defaultConfigurationName = Release;
		};
		5CBFCF601CF072A5008235DF /* Build configuration list for PBXNativeTarget "FlickrApp" */ = {
			isa = XCConfigurationList;
			buildConfigurations = (
				5CBFCF611CF072A5008235DF /* Debug */,
				5CBFCF621CF072A5008235DF /* Release */,
			);
			defaultConfigurationIsVisible = 0;
			defaultConfigurationName = Release;
		};
/* End XCConfigurationList section */
	};
	rootObject = 5CBFCF411CF072A5008235DF /* Project object */;
}
